// !$*UTF8*$!
{
	archiveVersion = 1;
	classes = {
	};
	objectVersion = 52;
	objects = {

/* Begin PBXBuildFile section */
		A558A39E2542F25D007E9ADB /* JuiceClipMakerPackage in Frameworks */ = {isa = PBXBuildFile; productRef = A558A39D2542F25D007E9ADB /* JuiceClipMakerPackage */; };
		A5AAB0672530654B00FC164D /* AppDelegate.swift in Sources */ = {isa = PBXBuildFile; fileRef = A5AAB0662530654B00FC164D /* AppDelegate.swift */; };
		A5AAB06E2530654B00FC164D /* Main.storyboard in Resources */ = {isa = PBXBuildFile; fileRef = A5AAB06C2530654B00FC164D /* Main.storyboard */; };
		A5AAB0702530654D00FC164D /* Assets.xcassets in Resources */ = {isa = PBXBuildFile; fileRef = A5AAB06F2530654D00FC164D /* Assets.xcassets */; };
		A5AAB0732530654D00FC164D /* LaunchScreen.storyboard in Resources */ = {isa = PBXBuildFile; fileRef = A5AAB0712530654D00FC164D /* LaunchScreen.storyboard */; };
/* End PBXBuildFile section */

/* Begin PBXFileReference section */
		A558A3992542F108007E9ADB /* JuiceClipMakerPackage */ = {isa = PBXFileReference; lastKnownFileType = folder; path = JuiceClipMakerPackage; sourceTree = "<group>"; };
		A5AAB0632530654B00FC164D /* JuiceClipMaker.app */ = {isa = PBXFileReference; explicitFileType = wrapper.application; includeInIndex = 0; path = JuiceClipMaker.app; sourceTree = BUILT_PRODUCTS_DIR; };
		A5AAB0662530654B00FC164D /* AppDelegate.swift */ = {isa = PBXFileReference; lastKnownFileType = sourcecode.swift; path = AppDelegate.swift; sourceTree = "<group>"; };
		A5AAB06D2530654B00FC164D /* Base */ = {isa = PBXFileReference; lastKnownFileType = file.storyboard; name = Base; path = Base.lproj/Main.storyboard; sourceTree = "<group>"; };
		A5AAB06F2530654D00FC164D /* Assets.xcassets */ = {isa = PBXFileReference; lastKnownFileType = folder.assetcatalog; path = Assets.xcassets; sourceTree = "<group>"; };
		A5AAB0722530654D00FC164D /* Base */ = {isa = PBXFileReference; lastKnownFileType = file.storyboard; name = Base; path = Base.lproj/LaunchScreen.storyboard; sourceTree = "<group>"; };
		A5AAB0742530654D00FC164D /* Info.plist */ = {isa = PBXFileReference; lastKnownFileType = text.plist.xml; path = Info.plist; sourceTree = "<group>"; };
/* End PBXFileReference section */

/* Begin PBXFrameworksBuildPhase section */
		A5AAB0602530654B00FC164D /* Frameworks */ = {
			isa = PBXFrameworksBuildPhase;
			buildActionMask = 2147483647;
			files = (
				A558A39E2542F25D007E9ADB /* JuiceClipMakerPackage in Frameworks */,
			);
			runOnlyForDeploymentPostprocessing = 0;
		};
/* End PBXFrameworksBuildPhase section */

/* Begin PBXGroup section */
		A558A39C2542F25D007E9ADB /* Frameworks */ = {
			isa = PBXGroup;
			children = (
			);
			name = Frameworks;
			sourceTree = "<group>";
		};
		A5AAB05A2530654B00FC164D = {
			isa = PBXGroup;
			children = (
				A558A3992542F108007E9ADB /* JuiceClipMakerPackage */,
				A5AAB0652530654B00FC164D /* JuiceClipMaker */,
				A5AAB0642530654B00FC164D /* Products */,
				A558A39C2542F25D007E9ADB /* Frameworks */,
			);
			sourceTree = "<group>";
		};
		A5AAB0642530654B00FC164D /* Products */ = {
			isa = PBXGroup;
			children = (
				A5AAB0632530654B00FC164D /* JuiceClipMaker.app */,
			);
			name = Products;
			sourceTree = "<group>";
		};
		A5AAB0652530654B00FC164D /* JuiceClipMaker */ = {
			isa = PBXGroup;
			children = (
				A5AAB0662530654B00FC164D /* AppDelegate.swift */,
				A5AAB06C2530654B00FC164D /* Main.storyboard */,
				A5AAB06F2530654D00FC164D /* Assets.xcassets */,
				A5AAB0712530654D00FC164D /* LaunchScreen.storyboard */,
				A5AAB0742530654D00FC164D /* Info.plist */,
			);
			path = JuiceClipMaker;
			sourceTree = "<group>";
		};
/* End PBXGroup section */

/* Begin PBXNativeTarget section */
		A5AAB0622530654B00FC164D /* JuiceClipMaker */ = {
			isa = PBXNativeTarget;
			buildConfigurationList = A5AAB0772530654D00FC164D /* Build configuration list for PBXNativeTarget "JuiceClipMaker" */;
			buildPhases = (
				A5AAB05F2530654B00FC164D /* Sources */,
				A5AAB0602530654B00FC164D /* Frameworks */,
				A5AAB0612530654B00FC164D /* Resources */,
			);
			buildRules = (
			);
			dependencies = (
			);
			name = JuiceClipMaker;
			packageProductDependencies = (
				A558A39D2542F25D007E9ADB /* JuiceClipMakerPackage */,
			);
			productName = JuiceClipMaker;
			productReference = A5AAB0632530654B00FC164D /* JuiceClipMaker.app */;
			productType = "com.apple.product-type.application";
		};
/* End PBXNativeTarget section */

/* Begin PBXProject section */
		A5AAB05B2530654B00FC164D /* Project object */ = {
			isa = PBXProject;
			attributes = {
				LastSwiftUpdateCheck = 1200;
				LastUpgradeCheck = 1200;
				TargetAttributes = {
					A5AAB0622530654B00FC164D = {
						CreatedOnToolsVersion = 12.0.1;
					};
				};
			};
			buildConfigurationList = A5AAB05E2530654B00FC164D /* Build configuration list for PBXProject "JuiceClipMaker" */;
			compatibilityVersion = "Xcode 9.3";
			developmentRegion = en;
			hasScannedForEncodings = 0;
			knownRegions = (
				en,
				Base,
			);
			mainGroup = A5AAB05A2530654B00FC164D;
			packageReferences = (
			);
			productRefGroup = A5AAB0642530654B00FC164D /* Products */;
			projectDirPath = "";
			projectRoot = "";
			targets = (
				A5AAB0622530654B00FC164D /* JuiceClipMaker */,
			);
		};
/* End PBXProject section */

/* Begin PBXResourcesBuildPhase section */
		A5AAB0612530654B00FC164D /* Resources */ = {
			isa = PBXResourcesBuildPhase;
			buildActionMask = 2147483647;
			files = (
				A5AAB0732530654D00FC164D /* LaunchScreen.storyboard in Resources */,
				A5AAB0702530654D00FC164D /* Assets.xcassets in Resources */,
				A5AAB06E2530654B00FC164D /* Main.storyboard in Resources */,
			);
			runOnlyForDeploymentPostprocessing = 0;
		};
/* End PBXResourcesBuildPhase section */

/* Begin PBXSourcesBuildPhase section */
		A5AAB05F2530654B00FC164D /* Sources */ = {
			isa = PBXSourcesBuildPhase;
			buildActionMask = 2147483647;
			files = (
				A5AAB0672530654B00FC164D /* AppDelegate.swift in Sources */,
			);
			runOnlyForDeploymentPostprocessing = 0;
		};
/* End PBXSourcesBuildPhase section */

/* Begin PBXVariantGroup section */
		A5AAB06C2530654B00FC164D /* Main.storyboard */ = {
			isa = PBXVariantGroup;
			children = (
				A5AAB06D2530654B00FC164D /* Base */,
			);
			name = Main.storyboard;
			sourceTree = "<group>";
		};
		A5AAB0712530654D00FC164D /* LaunchScreen.storyboard */ = {
			isa = PBXVariantGroup;
			children = (
				A5AAB0722530654D00FC164D /* Base */,
			);
			name = LaunchScreen.storyboard;
			sourceTree = "<group>";
		};
/* End PBXVariantGroup section */

/* Begin XCBuildConfiguration section */
		A5AAB0752530654D00FC164D /* Debug */ = {
			isa = XCBuildConfiguration;
			buildSettings = {
				ALWAYS_SEARCH_USER_PATHS = NO;
				CLANG_ANALYZER_NONNULL = YES;
				CLANG_ANALYZER_NUMBER_OBJECT_CONVERSION = YES_AGGRESSIVE;
				CLANG_CXX_LANGUAGE_STANDARD = "gnu++14";
				CLANG_CXX_LIBRARY = "libc++";
				CLANG_ENABLE_MODULES = YES;
				CLANG_ENABLE_OBJC_ARC = YES;
				CLANG_ENABLE_OBJC_WEAK = YES;
				CLANG_WARN_BLOCK_CAPTURE_AUTORELEASING = YES;
				CLANG_WARN_BOOL_CONVERSION = YES;
				CLANG_WARN_COMMA = YES;
				CLANG_WARN_CONSTANT_CONVERSION = YES;
				CLANG_WARN_DEPRECATED_OBJC_IMPLEMENTATIONS = YES;
				CLANG_WARN_DIRECT_OBJC_ISA_USAGE = YES_ERROR;
				CLANG_WARN_DOCUMENTATION_COMMENTS = YES;
				CLANG_WARN_EMPTY_BODY = YES;
				CLANG_WARN_ENUM_CONVERSION = YES;
				CLANG_WARN_INFINITE_RECURSION = YES;
				CLANG_WARN_INT_CONVERSION = YES;
				CLANG_WARN_NON_LITERAL_NULL_CONVERSION = YES;
				CLANG_WARN_OBJC_IMPLICIT_RETAIN_SELF = YES;
				CLANG_WARN_OBJC_LITERAL_CONVERSION = YES;
				CLANG_WARN_OBJC_ROOT_CLASS = YES_ERROR;
				CLANG_WARN_QUOTED_INCLUDE_IN_FRAMEWORK_HEADER = YES;
				CLANG_WARN_RANGE_LOOP_ANALYSIS = YES;
				CLANG_WARN_STRICT_PROTOTYPES = YES;
				CLANG_WARN_SUSPICIOUS_MOVE = YES;
				CLANG_WARN_UNGUARDED_AVAILABILITY = YES_AGGRESSIVE;
				CLANG_WARN_UNREACHABLE_CODE = YES;
				CLANG_WARN__DUPLICATE_METHOD_MATCH = YES;
				COPY_PHASE_STRIP = NO;
				DEBUG_INFORMATION_FORMAT = dwarf;
				ENABLE_STRICT_OBJC_MSGSEND = YES;
				ENABLE_TESTABILITY = YES;
				GCC_C_LANGUAGE_STANDARD = gnu11;
				GCC_DYNAMIC_NO_PIC = NO;
				GCC_NO_COMMON_BLOCKS = YES;
				GCC_OPTIMIZATION_LEVEL = 0;
				GCC_PREPROCESSOR_DEFINITIONS = (
					"DEBUG=1",
					"$(inherited)",
				);
				GCC_WARN_64_TO_32_BIT_CONVERSION = YES;
				GCC_WARN_ABOUT_RETURN_TYPE = YES_ERROR;
				GCC_WARN_UNDECLARED_SELECTOR = YES;
				GCC_WARN_UNINITIALIZED_AUTOS = YES_AGGRESSIVE;
				GCC_WARN_UNUSED_FUNCTION = YES;
				GCC_WARN_UNUSED_VARIABLE = YES;
				IPHONEOS_DEPLOYMENT_TARGET = 12.0;
				MTL_ENABLE_DEBUG_INFO = INCLUDE_SOURCE;
				MTL_FAST_MATH = YES;
				ONLY_ACTIVE_ARCH = YES;
				SDKROOT = iphoneos;
				SWIFT_ACTIVE_COMPILATION_CONDITIONS = DEBUG;
				SWIFT_OPTIMIZATION_LEVEL = "-Onone";
			};
			name = Debug;
		};
		A5AAB0762530654D00FC164D /* Release */ = {
			isa = XCBuildConfiguration;
			buildSettings = {
				ALWAYS_SEARCH_USER_PATHS = NO;
				CLANG_ANALYZER_NONNULL = YES;
				CLANG_ANALYZER_NUMBER_OBJECT_CONVERSION = YES_AGGRESSIVE;
				CLANG_CXX_LANGUAGE_STANDARD = "gnu++14";
				CLANG_CXX_LIBRARY = "libc++";
				CLANG_ENABLE_MODULES = YES;
				CLANG_ENABLE_OBJC_ARC = YES;
				CLANG_ENABLE_OBJC_WEAK = YES;
				CLANG_WARN_BLOCK_CAPTURE_AUTORELEASING = YES;
				CLANG_WARN_BOOL_CONVERSION = YES;
				CLANG_WARN_COMMA = YES;
				CLANG_WARN_CONSTANT_CONVERSION = YES;
				CLANG_WARN_DEPRECATED_OBJC_IMPLEMENTATIONS = YES;
				CLANG_WARN_DIRECT_OBJC_ISA_USAGE = YES_ERROR;
				CLANG_WARN_DOCUMENTATION_COMMENTS = YES;
				CLANG_WARN_EMPTY_BODY = YES;
				CLANG_WARN_ENUM_CONVERSION = YES;
				CLANG_WARN_INFINITE_RECURSION = YES;
				CLANG_WARN_INT_CONVERSION = YES;
				CLANG_WARN_NON_LITERAL_NULL_CONVERSION = YES;
				CLANG_WARN_OBJC_IMPLICIT_RETAIN_SELF = YES;
				CLANG_WARN_OBJC_LITERAL_CONVERSION = YES;
				CLANG_WARN_OBJC_ROOT_CLASS = YES_ERROR;
				CLANG_WARN_QUOTED_INCLUDE_IN_FRAMEWORK_HEADER = YES;
				CLANG_WARN_RANGE_LOOP_ANALYSIS = YES;
				CLANG_WARN_STRICT_PROTOTYPES = YES;
				CLANG_WARN_SUSPICIOUS_MOVE = YES;
				CLANG_WARN_UNGUARDED_AVAILABILITY = YES_AGGRESSIVE;
				CLANG_WARN_UNREACHABLE_CODE = YES;
				CLANG_WARN__DUPLICATE_METHOD_MATCH = YES;
				COPY_PHASE_STRIP = NO;
				DEBUG_INFORMATION_FORMAT = "dwarf-with-dsym";
				ENABLE_NS_ASSERTIONS = NO;
				ENABLE_STRICT_OBJC_MSGSEND = YES;
				GCC_C_LANGUAGE_STANDARD = gnu11;
				GCC_NO_COMMON_BLOCKS = YES;
				GCC_WARN_64_TO_32_BIT_CONVERSION = YES;
				GCC_WARN_ABOUT_RETURN_TYPE = YES_ERROR;
				GCC_WARN_UNDECLARED_SELECTOR = YES;
				GCC_WARN_UNINITIALIZED_AUTOS = YES_AGGRESSIVE;
				GCC_WARN_UNUSED_FUNCTION = YES;
				GCC_WARN_UNUSED_VARIABLE = YES;
				IPHONEOS_DEPLOYMENT_TARGET = 12.0;
				MTL_ENABLE_DEBUG_INFO = NO;
				MTL_FAST_MATH = YES;
				SDKROOT = iphoneos;
				SWIFT_COMPILATION_MODE = wholemodule;
				SWIFT_OPTIMIZATION_LEVEL = "-O";
				VALIDATE_PRODUCT = YES;
			};
			name = Release;
		};
		A5AAB0782530654D00FC164D /* Debug */ = {
			isa = XCBuildConfiguration;
			buildSettings = {
				ASSETCATALOG_COMPILER_APPICON_NAME = AppIcon;
				ASSETCATALOG_COMPILER_GLOBAL_ACCENT_COLOR_NAME = AccentColor;
				CODE_SIGN_STYLE = Automatic;
				DEVELOPMENT_TEAM = TVTBG99HF3;
				INFOPLIST_FILE = JuiceClipMaker/Info.plist;
				IPHONEOS_DEPLOYMENT_TARGET = 12.0;
				LD_RUNPATH_SEARCH_PATHS = (
					"$(inherited)",
					"@executable_path/Frameworks",
				);
				PRODUCT_BUNDLE_IDENTIFIER = com.petrachkov.JuiceClipMaker;
				PRODUCT_NAME = "$(TARGET_NAME)";
				SWIFT_VERSION = 5.0;
				TARGETED_DEVICE_FAMILY = "1,2";
			};
			name = Debug;
		};
		A5AAB0792530654D00FC164D /* Release */ = {
			isa = XCBuildConfiguration;
			buildSettings = {
				ASSETCATALOG_COMPILER_APPICON_NAME = AppIcon;
				ASSETCATALOG_COMPILER_GLOBAL_ACCENT_COLOR_NAME = AccentColor;
				CODE_SIGN_STYLE = Automatic;
				DEVELOPMENT_TEAM = TVTBG99HF3;
				INFOPLIST_FILE = JuiceClipMaker/Info.plist;
				IPHONEOS_DEPLOYMENT_TARGET = 12.0;
				LD_RUNPATH_SEARCH_PATHS = (
					"$(inherited)",
					"@executable_path/Frameworks",
				);
				PRODUCT_BUNDLE_IDENTIFIER = com.petrachkov.JuiceClipMaker;
				PRODUCT_NAME = "$(TARGET_NAME)";
				SWIFT_VERSION = 5.0;
				TARGETED_DEVICE_FAMILY = "1,2";
			};
			name = Release;
		};
/* End XCBuildConfiguration section */

/* Begin XCConfigurationList section */
		A5AAB05E2530654B00FC164D /* Build configuration list for PBXProject "JuiceClipMaker" */ = {
			isa = XCConfigurationList;
			buildConfigurations = (
				A5AAB0752530654D00FC164D /* Debug */,
				A5AAB0762530654D00FC164D /* Release */,
			);
			defaultConfigurationIsVisible = 0;
			defaultConfigurationName = Release;
		};
		A5AAB0772530654D00FC164D /* Build configuration list for PBXNativeTarget "JuiceClipMaker" */ = {
			isa = XCConfigurationList;
			buildConfigurations = (
				A5AAB0782530654D00FC164D /* Debug */,
				A5AAB0792530654D00FC164D /* Release */,
			);
			defaultConfigurationIsVisible = 0;
			defaultConfigurationName = Release;
		};
/* End XCConfigurationList section */

/* Begin XCSwiftPackageProductDependency section */
		A558A39D2542F25D007E9ADB /* JuiceClipMakerPackage */ = {
			isa = XCSwiftPackageProductDependency;
			productName = JuiceClipMakerPackage;
		};
/* End XCSwiftPackageProductDependency section */
	};
	rootObject = A5AAB05B2530654B00FC164D /* Project object */;
}
